
Microsoft Visual Studio Solution File, Format Version 12.00
# Visual Studio Version 17
VisualStudioVersion = 17.4.33213.308
MinimumVisualStudioVersion = 10.0.40219.1
Project("{FAE04EC0-301F-11D3-BF4B-00C04F79EFBC}") = "WebAppTry1", "WebAppTry1\WebAppTry1.csproj", "{2E73CA91-2BA4-429B-8F55-3B4A69E002FC}"
EndProject
Global
	GlobalSection(SolutionConfigurationPlatforms) = preSolution
		Debug|Any CPU = Debug|Any CPU
		Release|Any CPU = Release|Any CPU
	EndGlobalSection
	GlobalSection(ProjectConfigurationPlatforms) = postSolution
		{2E73CA91-2BA4-429B-8F55-3B4A69E002FC}.Debug|Any CPU.ActiveCfg = Debug|Any CPU
		{2E73CA91-2BA4-429B-8F55-3B4A69E002FC}.Debug|Any CPU.Build.0 = Debug|Any CPU
		{2E73CA91-2BA4-429B-8F55-3B4A69E002FC}.Release|Any CPU.ActiveCfg = Release|Any CPU
		{2E73CA91-2BA4-429B-8F55-3B4A69E002FC}.Release|Any CPU.Build.0 = Release|Any CPU
	EndGlobalSection
	GlobalSection(SolutionProperties) = preSolution
		HideSolutionNode = FALSE
	EndGlobalSection
	GlobalSection(ExtensibilityGlobals) = postSolution
		SolutionGuid = {851E1404-B632-4290-9170-7A30D64A8CF7}
	EndGlobalSection
EndGlobal
